// !$*UTF8*$!
{
	archiveVersion = 1;
	classes = {
	};
	objectVersion = 51;
	objects = {

/* Begin PBXBuildFile section */
		07C01134A773980746894173 /* Pods_MVVM_Demo_Swift.framework in Frameworks */ = {isa = PBXBuildFile; fileRef = 0DC6844EA7450F16D87BF3BF /* Pods_MVVM_Demo_Swift.framework */; };
		C47285C0264931B5008B5FE7 /* AppDelegate.swift in Sources */ = {isa = PBXBuildFile; fileRef = C47285BF264931B5008B5FE7 /* AppDelegate.swift */; };
		C47285C7264931B5008B5FE7 /* Main.storyboard in Resources */ = {isa = PBXBuildFile; fileRef = C47285C5264931B5008B5FE7 /* Main.storyboard */; };
		C47285C9264931B5008B5FE7 /* Assets.xcassets in Resources */ = {isa = PBXBuildFile; fileRef = C47285C8264931B5008B5FE7 /* Assets.xcassets */; };
		C47285CC264931B5008B5FE7 /* LaunchScreen.storyboard in Resources */ = {isa = PBXBuildFile; fileRef = C47285CA264931B5008B5FE7 /* LaunchScreen.storyboard */; };
		C47285D526493308008B5FE7 /* ListViewController.swift in Sources */ = {isa = PBXBuildFile; fileRef = C47285D426493308008B5FE7 /* ListViewController.swift */; };
		C47285D826493339008B5FE7 /* ListViewModel.swift in Sources */ = {isa = PBXBuildFile; fileRef = C47285D726493339008B5FE7 /* ListViewModel.swift */; };
		C47285DB26493351008B5FE7 /* LiveData.swift in Sources */ = {isa = PBXBuildFile; fileRef = C47285DA26493351008B5FE7 /* LiveData.swift */; };
		C47285E2264933B5008B5FE7 /* ListModel.swift in Sources */ = {isa = PBXBuildFile; fileRef = C47285E1264933B5008B5FE7 /* ListModel.swift */; };
		C47285E62649427B008B5FE7 /* ListViewDataManager.swift in Sources */ = {isa = PBXBuildFile; fileRef = C47285E52649427B008B5FE7 /* ListViewDataManager.swift */; };
		C4E7C0E0264A287D00924F47 /* LDLoginViewController.swift in Sources */ = {isa = PBXBuildFile; fileRef = C4E7C0DF264A287D00924F47 /* LDLoginViewController.swift */; };
		C4E7C0E3264A296600924F47 /* RxSwiftLoginViewController.swift in Sources */ = {isa = PBXBuildFile; fileRef = C4E7C0E2264A296600924F47 /* RxSwiftLoginViewController.swift */; };
		C4E7C0E5264A300E00924F47 /* LoginView.swift in Sources */ = {isa = PBXBuildFile; fileRef = C4E7C0E4264A300E00924F47 /* LoginView.swift */; };
		C4E7C0EB264A58E600924F47 /* LDLoginViewModel.swift in Sources */ = {isa = PBXBuildFile; fileRef = C4E7C0EA264A58E600924F47 /* LDLoginViewModel.swift */; };
		C4E7C0ED264A5C6F00924F47 /* LoginModel.swift in Sources */ = {isa = PBXBuildFile; fileRef = C4E7C0EC264A5C6F00924F47 /* LoginModel.swift */; };
		C4E7C0F6264AA0DF00924F47 /* RxSwiftViewModel.swift in Sources */ = {isa = PBXBuildFile; fileRef = C4E7C0F5264AA0DF00924F47 /* RxSwiftViewModel.swift */; };
		C4E7C0F8264B8E7900924F47 /* UIColorEx.swift in Sources */ = {isa = PBXBuildFile; fileRef = C4E7C0F7264B8E7900924F47 /* UIColorEx.swift */; };
		C4E7C0FF264BC16600924F47 /* LoginDataManager.swift in Sources */ = {isa = PBXBuildFile; fileRef = C4E7C0FE264BC16600924F47 /* LoginDataManager.swift */; };
/* End PBXBuildFile section */

/* Begin PBXFileReference section */
		0DC6844EA7450F16D87BF3BF /* Pods_MVVM_Demo_Swift.framework */ = {isa = PBXFileReference; explicitFileType = wrapper.framework; includeInIndex = 0; path = Pods_MVVM_Demo_Swift.framework; sourceTree = BUILT_PRODUCTS_DIR; };
		91284C13C140DB052BCE0469 /* Pods-MVVM-Demo-Swift.release.xcconfig */ = {isa = PBXFileReference; includeInIndex = 1; lastKnownFileType = text.xcconfig; name = "Pods-MVVM-Demo-Swift.release.xcconfig"; path = "Target Support Files/Pods-MVVM-Demo-Swift/Pods-MVVM-Demo-Swift.release.xcconfig"; sourceTree = "<group>"; };
		B4F3474D2C4159365BB133E6 /* Pods-MVVM-Demo-Swift.debug.xcconfig */ = {isa = PBXFileReference; includeInIndex = 1; lastKnownFileType = text.xcconfig; name = "Pods-MVVM-Demo-Swift.debug.xcconfig"; path = "Target Support Files/Pods-MVVM-Demo-Swift/Pods-MVVM-Demo-Swift.debug.xcconfig"; sourceTree = "<group>"; };
		C47285BC264931B5008B5FE7 /* MVVM-Demo-Swift.app */ = {isa = PBXFileReference; explicitFileType = wrapper.application; includeInIndex = 0; path = "MVVM-Demo-Swift.app"; sourceTree = BUILT_PRODUCTS_DIR; };
		C47285BF264931B5008B5FE7 /* AppDelegate.swift */ = {isa = PBXFileReference; lastKnownFileType = sourcecode.swift; path = AppDelegate.swift; sourceTree = "<group>"; };
		C47285C6264931B5008B5FE7 /* Base */ = {isa = PBXFileReference; lastKnownFileType = file.storyboard; name = Base; path = Base.lproj/Main.storyboard; sourceTree = "<group>"; };
		C47285C8264931B5008B5FE7 /* Assets.xcassets */ = {isa = PBXFileReference; lastKnownFileType = folder.assetcatalog; path = Assets.xcassets; sourceTree = "<group>"; };
		C47285CB264931B5008B5FE7 /* Base */ = {isa = PBXFileReference; lastKnownFileType = file.storyboard; name = Base; path = Base.lproj/LaunchScreen.storyboard; sourceTree = "<group>"; };
		C47285CD264931B5008B5FE7 /* Info.plist */ = {isa = PBXFileReference; lastKnownFileType = text.plist.xml; path = Info.plist; sourceTree = "<group>"; };
		C47285D426493308008B5FE7 /* ListViewController.swift */ = {isa = PBXFileReference; lastKnownFileType = sourcecode.swift; path = ListViewController.swift; sourceTree = "<group>"; };
		C47285D726493339008B5FE7 /* ListViewModel.swift */ = {isa = PBXFileReference; lastKnownFileType = sourcecode.swift; path = ListViewModel.swift; sourceTree = "<group>"; };
		C47285DA26493351008B5FE7 /* LiveData.swift */ = {isa = PBXFileReference; lastKnownFileType = sourcecode.swift; path = LiveData.swift; sourceTree = "<group>"; };
		C47285E1264933B5008B5FE7 /* ListModel.swift */ = {isa = PBXFileReference; lastKnownFileType = sourcecode.swift; path = ListModel.swift; sourceTree = "<group>"; };
		C47285E52649427B008B5FE7 /* ListViewDataManager.swift */ = {isa = PBXFileReference; lastKnownFileType = sourcecode.swift; path = ListViewDataManager.swift; sourceTree = "<group>"; };
		C4E7C0DF264A287D00924F47 /* LDLoginViewController.swift */ = {isa = PBXFileReference; lastKnownFileType = sourcecode.swift; path = LDLoginViewController.swift; sourceTree = "<group>"; };
		C4E7C0E2264A296600924F47 /* RxSwiftLoginViewController.swift */ = {isa = PBXFileReference; lastKnownFileType = sourcecode.swift; path = RxSwiftLoginViewController.swift; sourceTree = "<group>"; };
		C4E7C0E4264A300E00924F47 /* LoginView.swift */ = {isa = PBXFileReference; lastKnownFileType = sourcecode.swift; path = LoginView.swift; sourceTree = "<group>"; };
		C4E7C0EA264A58E600924F47 /* LDLoginViewModel.swift */ = {isa = PBXFileReference; lastKnownFileType = sourcecode.swift; path = LDLoginViewModel.swift; sourceTree = "<group>"; };
		C4E7C0EC264A5C6F00924F47 /* LoginModel.swift */ = {isa = PBXFileReference; lastKnownFileType = sourcecode.swift; path = LoginModel.swift; sourceTree = "<group>"; };
		C4E7C0F5264AA0DF00924F47 /* RxSwiftViewModel.swift */ = {isa = PBXFileReference; lastKnownFileType = sourcecode.swift; path = RxSwiftViewModel.swift; sourceTree = "<group>"; };
		C4E7C0F7264B8E7900924F47 /* UIColorEx.swift */ = {isa = PBXFileReference; lastKnownFileType = sourcecode.swift; path = UIColorEx.swift; sourceTree = "<group>"; };
		C4E7C0FE264BC16600924F47 /* LoginDataManager.swift */ = {isa = PBXFileReference; lastKnownFileType = sourcecode.swift; path = LoginDataManager.swift; sourceTree = "<group>"; };
/* End PBXFileReference section */

/* Begin PBXFrameworksBuildPhase section */
		C47285B9264931B5008B5FE7 /* Frameworks */ = {
			isa = PBXFrameworksBuildPhase;
			buildActionMask = 2147483647;
			files = (
				07C01134A773980746894173 /* Pods_MVVM_Demo_Swift.framework in Frameworks */,
			);
			runOnlyForDeploymentPostprocessing = 0;
		};
/* End PBXFrameworksBuildPhase section */

/* Begin PBXGroup section */
		C47285B3264931B5008B5FE7 = {
			isa = PBXGroup;
			children = (
				C47285BE264931B5008B5FE7 /* MVVM-Demo-Swift */,
				C47285BD264931B5008B5FE7 /* Products */,
				C4B2C05785B5271AE40AB39F /* Pods */,
				FA75FE89F79D1D0FD256B7EB /* Frameworks */,
			);
			sourceTree = "<group>";
		};
		C47285BD264931B5008B5FE7 /* Products */ = {
			isa = PBXGroup;
			children = (
				C47285BC264931B5008B5FE7 /* MVVM-Demo-Swift.app */,
			);
			name = Products;
			sourceTree = "<group>";
		};
		C47285BE264931B5008B5FE7 /* MVVM-Demo-Swift */ = {
			isa = PBXGroup;
			children = (
				C47285BF264931B5008B5FE7 /* AppDelegate.swift */,
				C47285DA26493351008B5FE7 /* LiveData.swift */,
				C4E7C0F7264B8E7900924F47 /* UIColorEx.swift */,
				C4E7C0EF264A9DD800924F47 /* LoginDemo */,
				C4E7C0EE264A757700924F47 /* HomeList （首页UITableViewController 使用MVVM+LiveData实现） */,
				C47285C5264931B5008B5FE7 /* Main.storyboard */,
				C47285C8264931B5008B5FE7 /* Assets.xcassets */,
				C47285CA264931B5008B5FE7 /* LaunchScreen.storyboard */,
				C47285CD264931B5008B5FE7 /* Info.plist */,
			);
			path = "MVVM-Demo-Swift";
			sourceTree = "<group>";
		};
		C4B2C05785B5271AE40AB39F /* Pods */ = {
			isa = PBXGroup;
			children = (
				B4F3474D2C4159365BB133E6 /* Pods-MVVM-Demo-Swift.debug.xcconfig */,
				91284C13C140DB052BCE0469 /* Pods-MVVM-Demo-Swift.release.xcconfig */,
			);
			path = Pods;
			sourceTree = "<group>";
		};
		C4E7C0EE264A757700924F47 /* HomeList （首页UITableViewController 使用MVVM+LiveData实现） */ = {
			isa = PBXGroup;
			children = (
				C4E7C0FC264BABBA00924F47 /* DataManager */,
				C4E7C0FB264BABAA00924F47 /* ViewModel */,
				C4E7C0FA264BABA400924F47 /* Model */,
				C4E7C0F9264BAB9B00924F47 /* View */,
			);
			path = "HomeList （首页UITableViewController 使用MVVM+LiveData实现）";
			sourceTree = "<group>";
		};
		C4E7C0EF264A9DD800924F47 /* LoginDemo */ = {
			isa = PBXGroup;
			children = (
				C4E7C0FD264BC15100924F47 /* DataManager（网络层） */,
				C4E7C0F2264A9DF600924F47 /* Model （Model层内部有弱业务逻辑） */,
				C4E7C0F1264A9DEE00924F47 /* View （View层 分别用LiveData和RxSwift实现） */,
				C4E7C0F0264A9DE600924F47 /* ViewModel （ViewModel层 分别用LiveData和RxSwift实现） */,
			);
			path = LoginDemo;
			sourceTree = "<group>";
		};
		C4E7C0F0264A9DE600924F47 /* ViewModel （ViewModel层 分别用LiveData和RxSwift实现） */ = {
			isa = PBXGroup;
			children = (
				C4E7C0EA264A58E600924F47 /* LDLoginViewModel.swift */,
				C4E7C0F5264AA0DF00924F47 /* RxSwiftViewModel.swift */,
			);
			path = "ViewModel （ViewModel层 分别用LiveData和RxSwift实现）";
			sourceTree = "<group>";
		};
		C4E7C0F1264A9DEE00924F47 /* View （View层 分别用LiveData和RxSwift实现） */ = {
			isa = PBXGroup;
			children = (
				C4E7C0E4264A300E00924F47 /* LoginView.swift */,
				C4E7C0DF264A287D00924F47 /* LDLoginViewController.swift */,
				C4E7C0E2264A296600924F47 /* RxSwiftLoginViewController.swift */,
			);
			path = "View （View层 分别用LiveData和RxSwift实现）";
			sourceTree = "<group>";
		};
		C4E7C0F2264A9DF600924F47 /* Model （Model层内部有弱业务逻辑） */ = {
			isa = PBXGroup;
			children = (
				C4E7C0EC264A5C6F00924F47 /* LoginModel.swift */,
			);
			path = "Model （Model层内部有弱业务逻辑）";
			sourceTree = "<group>";
		};
		C4E7C0F9264BAB9B00924F47 /* View */ = {
			isa = PBXGroup;
			children = (
				C47285D426493308008B5FE7 /* ListViewController.swift */,
			);
			path = View;
			sourceTree = "<group>";
		};
		C4E7C0FA264BABA400924F47 /* Model */ = {
			isa = PBXGroup;
			children = (
				C47285E1264933B5008B5FE7 /* ListModel.swift */,
			);
			path = Model;
			sourceTree = "<group>";
		};
		C4E7C0FB264BABAA00924F47 /* ViewModel */ = {
			isa = PBXGroup;
			children = (
				C47285D726493339008B5FE7 /* ListViewModel.swift */,
			);
			path = ViewModel;
			sourceTree = "<group>";
		};
		C4E7C0FC264BABBA00924F47 /* DataManager */ = {
			isa = PBXGroup;
			children = (
				C47285E52649427B008B5FE7 /* ListViewDataManager.swift */,
			);
			path = DataManager;
			sourceTree = "<group>";
		};
		C4E7C0FD264BC15100924F47 /* DataManager（网络层） */ = {
			isa = PBXGroup;
			children = (
				C4E7C0FE264BC16600924F47 /* LoginDataManager.swift */,
			);
			path = "DataManager（网络层）";
			sourceTree = "<group>";
		};
		FA75FE89F79D1D0FD256B7EB /* Frameworks */ = {
			isa = PBXGroup;
			children = (
				0DC6844EA7450F16D87BF3BF /* Pods_MVVM_Demo_Swift.framework */,
			);
			name = Frameworks;
			sourceTree = "<group>";
		};
/* End PBXGroup section */

/* Begin PBXNativeTarget section */
		C47285BB264931B5008B5FE7 /* MVVM-Demo-Swift */ = {
			isa = PBXNativeTarget;
			buildConfigurationList = C47285D0264931B5008B5FE7 /* Build configuration list for PBXNativeTarget "MVVM-Demo-Swift" */;
			buildPhases = (
				0EC60BF37FE69D19FD71A706 /* [CP] Check Pods Manifest.lock */,
				C47285B8264931B5008B5FE7 /* Sources */,
				C47285B9264931B5008B5FE7 /* Frameworks */,
				C47285BA264931B5008B5FE7 /* Resources */,
				D96ECA73C3F53E63D4E6D6D4 /* [CP] Embed Pods Frameworks */,
			);
			buildRules = (
			);
			dependencies = (
			);
			name = "MVVM-Demo-Swift";
			productName = "MVVM-Demo-Swift";
			productReference = C47285BC264931B5008B5FE7 /* MVVM-Demo-Swift.app */;
			productType = "com.apple.product-type.application";
		};
/* End PBXNativeTarget section */

/* Begin PBXProject section */
		C47285B4264931B5008B5FE7 /* Project object */ = {
			isa = PBXProject;
			attributes = {
				LastSwiftUpdateCheck = 1240;
				LastUpgradeCheck = 1240;
				TargetAttributes = {
					C47285BB264931B5008B5FE7 = {
						CreatedOnToolsVersion = 12.4;
					};
				};
			};
			buildConfigurationList = C47285B7264931B5008B5FE7 /* Build configuration list for PBXProject "MVVM-Demo-Swift" */;
			compatibilityVersion = "Xcode 9.3";
			developmentRegion = en;
			hasScannedForEncodings = 0;
			knownRegions = (
				en,
				Base,
			);
			mainGroup = C47285B3264931B5008B5FE7;
			productRefGroup = C47285BD264931B5008B5FE7 /* Products */;
			projectDirPath = "";
			projectRoot = "";
			targets = (
				C47285BB264931B5008B5FE7 /* MVVM-Demo-Swift */,
			);
		};
/* End PBXProject section */

/* Begin PBXResourcesBuildPhase section */
		C47285BA264931B5008B5FE7 /* Resources */ = {
			isa = PBXResourcesBuildPhase;
			buildActionMask = 2147483647;
			files = (
				C47285CC264931B5008B5FE7 /* LaunchScreen.storyboard in Resources */,
				C47285C9264931B5008B5FE7 /* Assets.xcassets in Resources */,
				C47285C7264931B5008B5FE7 /* Main.storyboard in Resources */,
			);
			runOnlyForDeploymentPostprocessing = 0;
		};
/* End PBXResourcesBuildPhase section */

/* Begin PBXShellScriptBuildPhase section */
		0EC60BF37FE69D19FD71A706 /* [CP] Check Pods Manifest.lock */ = {
			isa = PBXShellScriptBuildPhase;
			buildActionMask = 2147483647;
			files = (
			);
			inputFileListPaths = (
			);
			inputPaths = (
				"${PODS_PODFILE_DIR_PATH}/Podfile.lock",
				"${PODS_ROOT}/Manifest.lock",
			);
			name = "[CP] Check Pods Manifest.lock";
			outputFileListPaths = (
			);
			outputPaths = (
				"$(DERIVED_FILE_DIR)/Pods-MVVM-Demo-Swift-checkManifestLockResult.txt",
			);
			runOnlyForDeploymentPostprocessing = 0;
			shellPath = /bin/sh;
			shellScript = "diff \"${PODS_PODFILE_DIR_PATH}/Podfile.lock\" \"${PODS_ROOT}/Manifest.lock\" > /dev/null\nif [ $? != 0 ] ; then\n    # print error to STDERR\n    echo \"error: The sandbox is not in sync with the Podfile.lock. Run 'pod install' or update your CocoaPods installation.\" >&2\n    exit 1\nfi\n# This output is used by Xcode 'outputs' to avoid re-running this script phase.\necho \"SUCCESS\" > \"${SCRIPT_OUTPUT_FILE_0}\"\n";
			showEnvVarsInLog = 0;
		};
		D96ECA73C3F53E63D4E6D6D4 /* [CP] Embed Pods Frameworks */ = {
			isa = PBXShellScriptBuildPhase;
			buildActionMask = 2147483647;
			files = (
			);
			inputFileListPaths = (
				"${PODS_ROOT}/Target Support Files/Pods-MVVM-Demo-Swift/Pods-MVVM-Demo-Swift-frameworks-${CONFIGURATION}-input-files.xcfilelist",
			);
			name = "[CP] Embed Pods Frameworks";
			outputFileListPaths = (
				"${PODS_ROOT}/Target Support Files/Pods-MVVM-Demo-Swift/Pods-MVVM-Demo-Swift-frameworks-${CONFIGURATION}-output-files.xcfilelist",
			);
			runOnlyForDeploymentPostprocessing = 0;
			shellPath = /bin/sh;
			shellScript = "\"${PODS_ROOT}/Target Support Files/Pods-MVVM-Demo-Swift/Pods-MVVM-Demo-Swift-frameworks.sh\"\n";
			showEnvVarsInLog = 0;
		};
/* End PBXShellScriptBuildPhase section */

/* Begin PBXSourcesBuildPhase section */
		C47285B8264931B5008B5FE7 /* Sources */ = {
			isa = PBXSourcesBuildPhase;
			buildActionMask = 2147483647;
			files = (
				C4E7C0EB264A58E600924F47 /* LDLoginViewModel.swift in Sources */,
				C47285D826493339008B5FE7 /* ListViewModel.swift in Sources */,
				C47285C0264931B5008B5FE7 /* AppDelegate.swift in Sources */,
				C4E7C0E0264A287D00924F47 /* LDLoginViewController.swift in Sources */,
				C4E7C0F6264AA0DF00924F47 /* RxSwiftViewModel.swift in Sources */,
				C4E7C0E5264A300E00924F47 /* LoginView.swift in Sources */,
				C47285E62649427B008B5FE7 /* ListViewDataManager.swift in Sources */,
				C4E7C0E3264A296600924F47 /* RxSwiftLoginViewController.swift in Sources */,
				C4E7C0ED264A5C6F00924F47 /* LoginModel.swift in Sources */,
				C47285D526493308008B5FE7 /* ListViewController.swift in Sources */,
				C4E7C0F8264B8E7900924F47 /* UIColorEx.swift in Sources */,
				C47285E2264933B5008B5FE7 /* ListModel.swift in Sources */,
				C47285DB26493351008B5FE7 /* LiveData.swift in Sources */,
				C4E7C0FF264BC16600924F47 /* LoginDataManager.swift in Sources */,
			);
			runOnlyForDeploymentPostprocessing = 0;
		};
/* End PBXSourcesBuildPhase section */

/* Begin PBXVariantGroup section */
		C47285C5264931B5008B5FE7 /* Main.storyboard */ = {
			isa = PBXVariantGroup;
			children = (
				C47285C6264931B5008B5FE7 /* Base */,
			);
			name = Main.storyboard;
			sourceTree = "<group>";
		};
		C47285CA264931B5008B5FE7 /* LaunchScreen.storyboard */ = {
			isa = PBXVariantGroup;
			children = (
				C47285CB264931B5008B5FE7 /* Base */,
			);
			name = LaunchScreen.storyboard;
			sourceTree = "<group>";
		};
/* End PBXVariantGroup section */

/* Begin XCBuildConfiguration section */
		C47285CE264931B5008B5FE7 /* Debug */ = {
			isa = XCBuildConfiguration;
			buildSettings = {
				ALWAYS_SEARCH_USER_PATHS = NO;
				CLANG_ANALYZER_NONNULL = YES;
				CLANG_ANALYZER_NUMBER_OBJECT_CONVERSION = YES_AGGRESSIVE;
				CLANG_CXX_LANGUAGE_STANDARD = "gnu++14";
				CLANG_CXX_LIBRARY = "libc++";
				CLANG_ENABLE_MODULES = YES;
				CLANG_ENABLE_OBJC_ARC = YES;
				CLANG_ENABLE_OBJC_WEAK = YES;
				CLANG_WARN_BLOCK_CAPTURE_AUTORELEASING = YES;
				CLANG_WARN_BOOL_CONVERSION = YES;
				CLANG_WARN_COMMA = YES;
				CLANG_WARN_CONSTANT_CONVERSION = YES;
				CLANG_WARN_DEPRECATED_OBJC_IMPLEMENTATIONS = YES;
				CLANG_WARN_DIRECT_OBJC_ISA_USAGE = YES_ERROR;
				CLANG_WARN_DOCUMENTATION_COMMENTS = YES;
				CLANG_WARN_EMPTY_BODY = YES;
				CLANG_WARN_ENUM_CONVERSION = YES;
				CLANG_WARN_INFINITE_RECURSION = YES;
				CLANG_WARN_INT_CONVERSION = YES;
				CLANG_WARN_NON_LITERAL_NULL_CONVERSION = YES;
				CLANG_WARN_OBJC_IMPLICIT_RETAIN_SELF = YES;
				CLANG_WARN_OBJC_LITERAL_CONVERSION = YES;
				CLANG_WARN_OBJC_ROOT_CLASS = YES_ERROR;
				CLANG_WARN_QUOTED_INCLUDE_IN_FRAMEWORK_HEADER = YES;
				CLANG_WARN_RANGE_LOOP_ANALYSIS = YES;
				CLANG_WARN_STRICT_PROTOTYPES = YES;
				CLANG_WARN_SUSPICIOUS_MOVE = YES;
				CLANG_WARN_UNGUARDED_AVAILABILITY = YES_AGGRESSIVE;
				CLANG_WARN_UNREACHABLE_CODE = YES;
				CLANG_WARN__DUPLICATE_METHOD_MATCH = YES;
				COPY_PHASE_STRIP = NO;
				DEBUG_INFORMATION_FORMAT = dwarf;
				ENABLE_STRICT_OBJC_MSGSEND = YES;
				ENABLE_TESTABILITY = YES;
				GCC_C_LANGUAGE_STANDARD = gnu11;
				GCC_DYNAMIC_NO_PIC = NO;
				GCC_NO_COMMON_BLOCKS = YES;
				GCC_OPTIMIZATION_LEVEL = 0;
				GCC_PREPROCESSOR_DEFINITIONS = (
					"DEBUG=1",
					"$(inherited)",
				);
				GCC_WARN_64_TO_32_BIT_CONVERSION = YES;
				GCC_WARN_ABOUT_RETURN_TYPE = YES_ERROR;
				GCC_WARN_UNDECLARED_SELECTOR = YES;
				GCC_WARN_UNINITIALIZED_AUTOS = YES_AGGRESSIVE;
				GCC_WARN_UNUSED_FUNCTION = YES;
				GCC_WARN_UNUSED_VARIABLE = YES;
				IPHONEOS_DEPLOYMENT_TARGET = 14.4;
				MTL_ENABLE_DEBUG_INFO = INCLUDE_SOURCE;
				MTL_FAST_MATH = YES;
				ONLY_ACTIVE_ARCH = YES;
				SDKROOT = iphoneos;
				SWIFT_ACTIVE_COMPILATION_CONDITIONS = DEBUG;
				SWIFT_OPTIMIZATION_LEVEL = "-Onone";
			};
			name = Debug;
		};
		C47285CF264931B5008B5FE7 /* Release */ = {
			isa = XCBuildConfiguration;
			buildSettings = {
				ALWAYS_SEARCH_USER_PATHS = NO;
				CLANG_ANALYZER_NONNULL = YES;
				CLANG_ANALYZER_NUMBER_OBJECT_CONVERSION = YES_AGGRESSIVE;
				CLANG_CXX_LANGUAGE_STANDARD = "gnu++14";
				CLANG_CXX_LIBRARY = "libc++";
				CLANG_ENABLE_MODULES = YES;
				CLANG_ENABLE_OBJC_ARC = YES;
				CLANG_ENABLE_OBJC_WEAK = YES;
				CLANG_WARN_BLOCK_CAPTURE_AUTORELEASING = YES;
				CLANG_WARN_BOOL_CONVERSION = YES;
				CLANG_WARN_COMMA = YES;
				CLANG_WARN_CONSTANT_CONVERSION = YES;
				CLANG_WARN_DEPRECATED_OBJC_IMPLEMENTATIONS = YES;
				CLANG_WARN_DIRECT_OBJC_ISA_USAGE = YES_ERROR;
				CLANG_WARN_DOCUMENTATION_COMMENTS = YES;
				CLANG_WARN_EMPTY_BODY = YES;
				CLANG_WARN_ENUM_CONVERSION = YES;
				CLANG_WARN_INFINITE_RECURSION = YES;
				CLANG_WARN_INT_CONVERSION = YES;
				CLANG_WARN_NON_LITERAL_NULL_CONVERSION = YES;
				CLANG_WARN_OBJC_IMPLICIT_RETAIN_SELF = YES;
				CLANG_WARN_OBJC_LITERAL_CONVERSION = YES;
				CLANG_WARN_OBJC_ROOT_CLASS = YES_ERROR;
				CLANG_WARN_QUOTED_INCLUDE_IN_FRAMEWORK_HEADER = YES;
				CLANG_WARN_RANGE_LOOP_ANALYSIS = YES;
				CLANG_WARN_STRICT_PROTOTYPES = YES;
				CLANG_WARN_SUSPICIOUS_MOVE = YES;
				CLANG_WARN_UNGUARDED_AVAILABILITY = YES_AGGRESSIVE;
				CLANG_WARN_UNREACHABLE_CODE = YES;
				CLANG_WARN__DUPLICATE_METHOD_MATCH = YES;
				COPY_PHASE_STRIP = NO;
				DEBUG_INFORMATION_FORMAT = "dwarf-with-dsym";
				ENABLE_NS_ASSERTIONS = NO;
				ENABLE_STRICT_OBJC_MSGSEND = YES;
				GCC_C_LANGUAGE_STANDARD = gnu11;
				GCC_NO_COMMON_BLOCKS = YES;
				GCC_WARN_64_TO_32_BIT_CONVERSION = YES;
				GCC_WARN_ABOUT_RETURN_TYPE = YES_ERROR;
				GCC_WARN_UNDECLARED_SELECTOR = YES;
				GCC_WARN_UNINITIALIZED_AUTOS = YES_AGGRESSIVE;
				GCC_WARN_UNUSED_FUNCTION = YES;
				GCC_WARN_UNUSED_VARIABLE = YES;
				IPHONEOS_DEPLOYMENT_TARGET = 14.4;
				MTL_ENABLE_DEBUG_INFO = NO;
				MTL_FAST_MATH = YES;
				SDKROOT = iphoneos;
				SWIFT_COMPILATION_MODE = wholemodule;
				SWIFT_OPTIMIZATION_LEVEL = "-O";
				VALIDATE_PRODUCT = YES;
			};
			name = Release;
		};
		C47285D1264931B5008B5FE7 /* Debug */ = {
			isa = XCBuildConfiguration;
			baseConfigurationReference = B4F3474D2C4159365BB133E6 /* Pods-MVVM-Demo-Swift.debug.xcconfig */;
			buildSettings = {
				ASSETCATALOG_COMPILER_APPICON_NAME = AppIcon;
				ASSETCATALOG_COMPILER_GLOBAL_ACCENT_COLOR_NAME = AccentColor;
				CODE_SIGN_STYLE = Automatic;
				DEVELOPMENT_TEAM = WKR87TTKML;
				INFOPLIST_FILE = "MVVM-Demo-Swift/Info.plist";
				LD_RUNPATH_SEARCH_PATHS = (
					"$(inherited)",
					"@executable_path/Frameworks",
				);
				PRODUCT_BUNDLE_IDENTIFIER = "zhifenx.MVVM-Demo-Swift";
				PRODUCT_NAME = "$(TARGET_NAME)";
				SWIFT_VERSION = 5.0;
				TARGETED_DEVICE_FAMILY = "1,2";
			};
			name = Debug;
		};
		C47285D2264931B5008B5FE7 /* Release */ = {
			isa = XCBuildConfiguration;
			baseConfigurationReference = 91284C13C140DB052BCE0469 /* Pods-MVVM-Demo-Swift.release.xcconfig */;
			buildSettings = {
				ASSETCATALOG_COMPILER_APPICON_NAME = AppIcon;
				ASSETCATALOG_COMPILER_GLOBAL_ACCENT_COLOR_NAME = AccentColor;
				CODE_SIGN_STYLE = Automatic;
				DEVELOPMENT_TEAM = WKR87TTKML;
				INFOPLIST_FILE = "MVVM-Demo-Swift/Info.plist";
				LD_RUNPATH_SEARCH_PATHS = (
					"$(inherited)",
					"@executable_path/Frameworks",
				);
				PRODUCT_BUNDLE_IDENTIFIER = "zhifenx.MVVM-Demo-Swift";
				PRODUCT_NAME = "$(TARGET_NAME)";
				SWIFT_VERSION = 5.0;
				TARGETED_DEVICE_FAMILY = "1,2";
			};
			name = Release;
		};
/* End XCBuildConfiguration section */

/* Begin XCConfigurationList section */
		C47285B7264931B5008B5FE7 /* Build configuration list for PBXProject "MVVM-Demo-Swift" */ = {
			isa = XCConfigurationList;
			buildConfigurations = (
				C47285CE264931B5008B5FE7 /* Debug */,
				C47285CF264931B5008B5FE7 /* Release */,
			);
			defaultConfigurationIsVisible = 0;
			defaultConfigurationName = Release;
		};
		C47285D0264931B5008B5FE7 /* Build configuration list for PBXNativeTarget "MVVM-Demo-Swift" */ = {
			isa = XCConfigurationList;
			buildConfigurations = (
				C47285D1264931B5008B5FE7 /* Debug */,
				C47285D2264931B5008B5FE7 /* Release */,
			);
			defaultConfigurationIsVisible = 0;
			defaultConfigurationName = Release;
		};
/* End XCConfigurationList section */
	};
	rootObject = C47285B4264931B5008B5FE7 /* Project object */;
}
